{
  "requires": true,
  "lockfileVersion": 1,
  "dependencies": {
    "app300": {
      "version": "file:_app300",
      "requires": {
        "aws-sdk": "2.275.1",
        "chalk": "2.4.1",
        "inquirer": "6.0.0"
      },
      "dependencies": {
        "ansi-escapes": {
          "version": "3.1.0",
          "bundled": true
        },
        "ansi-regex": {
          "version": "3.0.0",
          "bundled": true
        },
        "ansi-styles": {
          "version": "3.2.1",
          "bundled": true,
          "requires": {
            "color-convert": "1.9.2"
          }
        },
        "aws-sdk": {
          "version": "2.275.1",
          "bundled": true,
          "requires": {
            "buffer": "4.9.1",
            "events": "1.1.1",
            "ieee754": "1.1.8",
            "jmespath": "0.15.0",
            "querystring": "0.2.0",
            "sax": "1.2.1",
            "url": "0.10.3",
            "uuid": "3.1.0",
            "xml2js": "0.4.19"
          }
        },
        "base64-js": {
          "version": "1.3.0",
          "bundled": true
        },
        "buffer": {
          "version": "4.9.1",
          "bundled": true,
          "requires": {
            "base64-js": "1.3.0",
            "ieee754": "1.1.8",
            "isarray": "1.0.0"
          }
        },
        "chalk": {
          "version": "2.4.1",
          "bundled": true,
          "requires": {
            "ansi-styles": "3.2.1",
            "escape-string-regexp": "1.0.5",
            "supports-color": "5.4.0"
          }
        },
        "chardet": {
          "version": "0.5.0",
          "bundled": true
        },
        "cli-cursor": {
          "version": "2.1.0",
          "bundled": true,
          "requires": {
            "restore-cursor": "2.0.0"
          }
        },
        "cli-width": {
          "version": "2.2.0",
          "bundled": true
        },
        "color-convert": {
          "version": "1.9.2",
          "bundled": true,
          "requires": {
            "color-name": "1.1.1"
          }
        },
        "color-name": {
          "version": "1.1.1",
          "bundled": true
        },
        "escape-string-regexp": {
          "version": "1.0.5",
          "bundled": true
        },
        "events": {
          "version": "1.1.1",
          "bundled": true
        },
        "external-editor": {
          "version": "3.0.0",
          "bundled": true,
          "requires": {
            "chardet": "0.5.0",
            "iconv-lite": "0.4.23",
            "tmp": "0.0.33"
          }
        },
        "figures": {
          "version": "2.0.0",
          "bundled": true,
          "requires": {
            "escape-string-regexp": "1.0.5"
          }
        },
        "has-flag": {
          "version": "3.0.0",
          "bundled": true
        },
        "iconv-lite": {
          "version": "0.4.23",
          "bundled": true,
          "requires": {
            "safer-buffer": "2.1.2"
          }
        },
        "ieee754": {
          "version": "1.1.8",
          "bundled": true
        },
        "inquirer": {
          "version": "6.0.0",
          "bundled": true,
          "requires": {
            "ansi-escapes": "3.1.0",
            "chalk": "2.4.1",
            "cli-cursor": "2.1.0",
            "cli-width": "2.2.0",
            "external-editor": "3.0.0",
            "figures": "2.0.0",
            "lodash": "4.17.10",
            "mute-stream": "0.0.7",
            "run-async": "2.3.0",
            "rxjs": "6.2.2",
            "string-width": "2.1.1",
            "strip-ansi": "4.0.0",
            "through": "2.3.8"
          }
        },
        "is-fullwidth-code-point": {
          "version": "2.0.0",
          "bundled": true
        },
        "is-promise": {
          "version": "2.1.0",
          "bundled": true
        },
        "isarray": {
          "version": "1.0.0",
          "bundled": true
        },
        "jmespath": {
          "version": "0.15.0",
          "bundled": true
        },
        "lodash": {
          "version": "4.17.10",
          "bundled": true
        },
        "mimic-fn": {
          "version": "1.2.0",
          "bundled": true
        },
        "mute-stream": {
          "version": "0.0.7",
          "bundled": true
        },
        "onetime": {
          "version": "2.0.1",
          "bundled": true,
          "requires": {
            "mimic-fn": "1.2.0"
          }
        },
        "os-tmpdir": {
          "version": "1.0.2",
          "bundled": true
        },
        "punycode": {
          "version": "1.3.2",
          "bundled": true
        },
        "querystring": {
          "version": "0.2.0",
          "bundled": true
        },
        "restore-cursor": {
          "version": "2.0.0",
          "bundled": true,
          "requires": {
            "onetime": "2.0.1",
            "signal-exit": "3.0.2"
          }
        },
        "run-async": {
          "version": "2.3.0",
          "bundled": true,
          "requires": {
            "is-promise": "2.1.0"
          }
        },
        "rxjs": {
          "version": "6.2.2",
          "bundled": true,
          "requires": {
            "tslib": "1.9.3"
          }
        },
        "safer-buffer": {
          "version": "2.1.2",
          "bundled": true
        },
        "sax": {
          "version": "1.2.1",
          "bundled": true
        },
        "signal-exit": {
          "version": "3.0.2",
          "bundled": true
        },
        "string-width": {
          "version": "2.1.1",
          "bundled": true,
          "requires": {
            "is-fullwidth-code-point": "2.0.0",
            "strip-ansi": "4.0.0"
          }
        },
        "strip-ansi": {
          "version": "4.0.0",
          "bundled": true,
          "requires": {
            "ansi-regex": "3.0.0"
          }
        },
        "supports-color": {
          "version": "5.4.0",
          "bundled": true,
          "requires": {
            "has-flag": "3.0.0"
          }
        },
        "through": {
          "version": "2.3.8",
          "bundled": true
        },
        "tmp": {
          "version": "0.0.33",
          "bundled": true,
          "requires": {
            "os-tmpdir": "1.0.2"
          }
        },
        "tslib": {
          "version": "1.9.3",
          "bundled": true
        },
        "url": {
          "version": "0.10.3",
          "bundled": true,
          "requires": {
            "punycode": "1.3.2",
            "querystring": "0.2.0"
          }
        },
        "uuid": {
          "version": "3.1.0",
          "bundled": true
        },
        "xml2js": {
          "version": "0.4.19",
          "bundled": true,
          "requires": {
            "sax": "1.2.1",
            "xmlbuilder": "9.0.7"
          }
        },
        "xmlbuilder": {
          "version": "9.0.7",
          "bundled": true
        }
      }
    }
  }
}
